
Microsoft Visual Studio Solution File, Format Version 12.00
# Visual Studio Version 17
VisualStudioVersion = 17.13.35818.85
MinimumVisualStudioVersion = 10.0.40219.1
Project("{FAE04EC0-301F-11D3-BF4B-00C04F79EFBC}") = "Uber.ApiGateway", "Uber.ApiGateway\Uber.ApiGateway.csproj", "{DAE6EAC9-04DF-4292-B7C9-39951B1DE4D6}"
EndProject
Project("{2150E333-8FDC-42A3-9474-1A3956D46DE8}") = "identity", "identity", "{02EA681E-C7D8-13C7-8484-4AC65E1B71E8}"
EndProject
Project("{FAE04EC0-301F-11D3-BF4B-00C04F79EFBC}") = "Uber.Identity.Api", "identity\Uber.Identity.Api\Uber.Identity.Api.csproj", "{29148335-A6A0-439E-9568-B461332C1287}"
EndProject
Global
	GlobalSection(SolutionConfigurationPlatforms) = preSolution
		Debug|Any CPU = Debug|Any CPU
		Release|Any CPU = Release|Any CPU
	EndGlobalSection
	GlobalSection(ProjectConfigurationPlatforms) = postSolution
		{DAE6EAC9-04DF-4292-B7C9-39951B1DE4D6}.Debug|Any CPU.ActiveCfg = Debug|Any CPU
		{DAE6EAC9-04DF-4292-B7C9-39951B1DE4D6}.Debug|Any CPU.Build.0 = Debug|Any CPU
		{DAE6EAC9-04DF-4292-B7C9-39951B1DE4D6}.Release|Any CPU.ActiveCfg = Release|Any CPU
		{DAE6EAC9-04DF-4292-B7C9-39951B1DE4D6}.Release|Any CPU.Build.0 = Release|Any CPU
		{29148335-A6A0-439E-9568-B461332C1287}.Debug|Any CPU.ActiveCfg = Debug|Any CPU
		{29148335-A6A0-439E-9568-B461332C1287}.Debug|Any CPU.Build.0 = Debug|Any CPU
		{29148335-A6A0-439E-9568-B461332C1287}.Release|Any CPU.ActiveCfg = Release|Any CPU
		{29148335-A6A0-439E-9568-B461332C1287}.Release|Any CPU.Build.0 = Release|Any CPU
	EndGlobalSection
	GlobalSection(SolutionProperties) = preSolution
		HideSolutionNode = FALSE
	EndGlobalSection
	GlobalSection(NestedProjects) = preSolution
		{29148335-A6A0-439E-9568-B461332C1287} = {02EA681E-C7D8-13C7-8484-4AC65E1B71E8}
	EndGlobalSection
	GlobalSection(ExtensibilityGlobals) = postSolution
		SolutionGuid = {AF39AC61-8623-41D8-8059-0A191C7C4580}
	EndGlobalSection
EndGlobal
